{
  "name": "@cfn-modules/cloudwatch-dashboard",
  "version": "1.7.0",
  "lockfileVersion": 3,
  "requires": true,
  "packages": {
    "": {
      "name": "@cfn-modules/cloudwatch-dashboard",
      "version": "1.7.0",
      "bundleDependencies": [
        "@cfn-modules/lambda-function"
      ],
      "license": "Apache-2.0",
      "dependencies": {
        "@cfn-modules/lambda-function": "^2.10.0"
      }
    },
    "node_modules/@cfn-modules/lambda-function": {
      "version": "2.10.0",
      "resolved": "https://registry.npmjs.org/@cfn-modules/lambda-function/-/lambda-function-2.10.0.tgz",
      "integrity": "sha512-ilK4xZfJn71oMrAPz2BkXBMR0FhYtqqxhhve0XjkPGLGkw/gyEkbDhUxtPNa1/N18XnaUtn3s8bcdKMjJE5yaA==",
      "inBundle": true,
      "license": "Apache-2.0"
    }
  }
}
